
Microsoft Visual Studio Solution File, Format Version 12.00
# Visual Studio Version 16
VisualStudioVersion = 16.0.31624.102
MinimumVisualStudioVersion = 10.0.40219.1
Project("{FAE04EC0-301F-11D3-BF4B-00C04F79EFBC}") = "Teeditor", "Teeditor\Teeditor.csproj", "{3BEF2FAE-77FE-4391-B991-C0D4C198474A}"
EndProject
Project("{2150E333-8FDC-42A3-9474-1A3956D46DE8}") = "TeeWorlds", "TeeWorlds", "{E82DC5E4-2117-4DE1-80D8-1FFF5EBDC6DE}"
EndProject
Project("{FAE04EC0-301F-11D3-BF4B-00C04F79EFBC}") = "Teeditor.TeeWorlds.MapExtension", "Teeditor.TeeWorlds.MapExtension\Teeditor.TeeWorlds.MapExtension.csproj", "{4F6AFA4F-C059-4BC7-8ED7-BA0E1D68A41F}"
EndProject
Project("{FAE04EC0-301F-11D3-BF4B-00C04F79EFBC}") = "Teeditor.Common", "Teeditor.Common\Teeditor.Common.csproj", "{A85E6071-A61B-4B24-8F14-7EF05C5AA19D}"
EndProject
Project("{8BC9CEB8-8B4A-11D0-8D11-00A0C91BC942}") = "Teeditor.Direct3DInterop", "Teeditor.Direct3DInterop\Teeditor.Direct3DInterop.vcxproj", "{433BCC86-BA8D-4B67-8ECA-0C38C70A64D9}"
EndProject
Project("{8BC9CEB8-8B4A-11D0-8D11-00A0C91BC942}") = "Teeditor.TeeWorlds.Direct3DInterop", "Teeditor.TeeWorlds.Direct3DInterop\Teeditor.TeeWorlds.Direct3DInterop.vcxproj", "{EAA262C7-55C2-4099-A8E8-C67D96E8BCE3}"
EndProject
Global
	GlobalSection(SolutionConfigurationPlatforms) = preSolution
		Debug|Any CPU = Debug|Any CPU
		Debug|ARM = Debug|ARM
		Debug|ARM64 = Debug|ARM64
		Debug|x64 = Debug|x64
		Debug|x86 = Debug|x86
		Release|Any CPU = Release|Any CPU
		Release|ARM = Release|ARM
		Release|ARM64 = Release|ARM64
		Release|x64 = Release|x64
		Release|x86 = Release|x86
	EndGlobalSection
	GlobalSection(ProjectConfigurationPlatforms) = postSolution
		{3BEF2FAE-77FE-4391-B991-C0D4C198474A}.Debug|Any CPU.ActiveCfg = Debug|x86
		{3BEF2FAE-77FE-4391-B991-C0D4C198474A}.Debug|Any CPU.Build.0 = Debug|x86
		{3BEF2FAE-77FE-4391-B991-C0D4C198474A}.Debug|Any CPU.Deploy.0 = Debug|x86
		{3BEF2FAE-77FE-4391-B991-C0D4C198474A}.Debug|ARM.ActiveCfg = Debug|ARM
		{3BEF2FAE-77FE-4391-B991-C0D4C198474A}.Debug|ARM.Build.0 = Debug|ARM
		{3BEF2FAE-77FE-4391-B991-C0D4C198474A}.Debug|ARM.Deploy.0 = Debug|ARM
		{3BEF2FAE-77FE-4391-B991-C0D4C198474A}.Debug|ARM64.ActiveCfg = Debug|ARM64
		{3BEF2FAE-77FE-4391-B991-C0D4C198474A}.Debug|ARM64.Build.0 = Debug|ARM64
		{3BEF2FAE-77FE-4391-B991-C0D4C198474A}.Debug|ARM64.Deploy.0 = Debug|ARM64
		{3BEF2FAE-77FE-4391-B991-C0D4C198474A}.Debug|x64.ActiveCfg = Debug|x64
		{3BEF2FAE-77FE-4391-B991-C0D4C198474A}.Debug|x64.Build.0 = Debug|x64
		{3BEF2FAE-77FE-4391-B991-C0D4C198474A}.Debug|x64.Deploy.0 = Debug|x64
		{3BEF2FAE-77FE-4391-B991-C0D4C198474A}.Debug|x86.ActiveCfg = Debug|x86
		{3BEF2FAE-77FE-4391-B991-C0D4C198474A}.Debug|x86.Build.0 = Debug|x86
		{3BEF2FAE-77FE-4391-B991-C0D4C198474A}.Debug|x86.Deploy.0 = Debug|x86
		{3BEF2FAE-77FE-4391-B991-C0D4C198474A}.Release|Any CPU.ActiveCfg = Release|x86
		{3BEF2FAE-77FE-4391-B991-C0D4C198474A}.Release|Any CPU.Build.0 = Release|x86
		{3BEF2FAE-77FE-4391-B991-C0D4C198474A}.Release|Any CPU.Deploy.0 = Release|x86
		{3BEF2FAE-77FE-4391-B991-C0D4C198474A}.Release|ARM.ActiveCfg = Release|ARM
		{3BEF2FAE-77FE-4391-B991-C0D4C198474A}.Release|ARM.Build.0 = Release|ARM
		{3BEF2FAE-77FE-4391-B991-C0D4C198474A}.Release|ARM.Deploy.0 = Release|ARM
		{3BEF2FAE-77FE-4391-B991-C0D4C198474A}.Release|ARM64.ActiveCfg = Release|ARM64
		{3BEF2FAE-77FE-4391-B991-C0D4C198474A}.Release|ARM64.Build.0 = Release|ARM64
		{3BEF2FAE-77FE-4391-B991-C0D4C198474A}.Release|ARM64.Deploy.0 = Release|ARM64
		{3BEF2FAE-77FE-4391-B991-C0D4C198474A}.Release|x64.ActiveCfg = Release|x64
		{3BEF2FAE-77FE-4391-B991-C0D4C198474A}.Release|x64.Build.0 = Release|x64
		{3BEF2FAE-77FE-4391-B991-C0D4C198474A}.Release|x64.Deploy.0 = Release|x64
		{3BEF2FAE-77FE-4391-B991-C0D4C198474A}.Release|x86.ActiveCfg = Release|x86
		{3BEF2FAE-77FE-4391-B991-C0D4C198474A}.Release|x86.Build.0 = Release|x86
		{3BEF2FAE-77FE-4391-B991-C0D4C198474A}.Release|x86.Deploy.0 = Release|x86
		{4F6AFA4F-C059-4BC7-8ED7-BA0E1D68A41F}.Debug|Any CPU.ActiveCfg = Debug|x86
		{4F6AFA4F-C059-4BC7-8ED7-BA0E1D68A41F}.Debug|Any CPU.Build.0 = Debug|x86
		{4F6AFA4F-C059-4BC7-8ED7-BA0E1D68A41F}.Debug|ARM.ActiveCfg = Debug|ARM
		{4F6AFA4F-C059-4BC7-8ED7-BA0E1D68A41F}.Debug|ARM.Build.0 = Debug|ARM
		{4F6AFA4F-C059-4BC7-8ED7-BA0E1D68A41F}.Debug|ARM64.ActiveCfg = Debug|ARM64
		{4F6AFA4F-C059-4BC7-8ED7-BA0E1D68A41F}.Debug|ARM64.Build.0 = Debug|ARM64
		{4F6AFA4F-C059-4BC7-8ED7-BA0E1D68A41F}.Debug|x64.ActiveCfg = Debug|x64
		{4F6AFA4F-C059-4BC7-8ED7-BA0E1D68A41F}.Debug|x64.Build.0 = Debug|x64
		{4F6AFA4F-C059-4BC7-8ED7-BA0E1D68A41F}.Debug|x86.ActiveCfg = Debug|x86
		{4F6AFA4F-C059-4BC7-8ED7-BA0E1D68A41F}.Debug|x86.Build.0 = Debug|x86
		{4F6AFA4F-C059-4BC7-8ED7-BA0E1D68A41F}.Release|Any CPU.ActiveCfg = Release|Any CPU
		{4F6AFA4F-C059-4BC7-8ED7-BA0E1D68A41F}.Release|Any CPU.Build.0 = Release|Any CPU
		{4F6AFA4F-C059-4BC7-8ED7-BA0E1D68A41F}.Release|ARM.ActiveCfg = Release|ARM
		{4F6AFA4F-C059-4BC7-8ED7-BA0E1D68A41F}.Release|ARM.Build.0 = Release|ARM
		{4F6AFA4F-C059-4BC7-8ED7-BA0E1D68A41F}.Release|ARM64.ActiveCfg = Release|ARM64
		{4F6AFA4F-C059-4BC7-8ED7-BA0E1D68A41F}.Release|ARM64.Build.0 = Release|ARM64
		{4F6AFA4F-C059-4BC7-8ED7-BA0E1D68A41F}.Release|x64.ActiveCfg = Release|x64
		{4F6AFA4F-C059-4BC7-8ED7-BA0E1D68A41F}.Release|x64.Build.0 = Release|x64
		{4F6AFA4F-C059-4BC7-8ED7-BA0E1D68A41F}.Release|x86.ActiveCfg = Release|x86
		{4F6AFA4F-C059-4BC7-8ED7-BA0E1D68A41F}.Release|x86.Build.0 = Release|x86
		{A85E6071-A61B-4B24-8F14-7EF05C5AA19D}.Debug|Any CPU.ActiveCfg = Debug|x86
		{A85E6071-A61B-4B24-8F14-7EF05C5AA19D}.Debug|Any CPU.Build.0 = Debug|x86
		{A85E6071-A61B-4B24-8F14-7EF05C5AA19D}.Debug|ARM.ActiveCfg = Debug|ARM
		{A85E6071-A61B-4B24-8F14-7EF05C5AA19D}.Debug|ARM.Build.0 = Debug|ARM
		{A85E6071-A61B-4B24-8F14-7EF05C5AA19D}.Debug|ARM64.ActiveCfg = Debug|ARM64
		{A85E6071-A61B-4B24-8F14-7EF05C5AA19D}.Debug|ARM64.Build.0 = Debug|ARM64
		{A85E6071-A61B-4B24-8F14-7EF05C5AA19D}.Debug|x64.ActiveCfg = Debug|x64
		{A85E6071-A61B-4B24-8F14-7EF05C5AA19D}.Debug|x64.Build.0 = Debug|x64
		{A85E6071-A61B-4B24-8F14-7EF05C5AA19D}.Debug|x86.ActiveCfg = Debug|x86
		{A85E6071-A61B-4B24-8F14-7EF05C5AA19D}.Debug|x86.Build.0 = Debug|x86
		{A85E6071-A61B-4B24-8F14-7EF05C5AA19D}.Release|Any CPU.ActiveCfg = Release|Any CPU
		{A85E6071-A61B-4B24-8F14-7EF05C5AA19D}.Release|Any CPU.Build.0 = Release|Any CPU
		{A85E6071-A61B-4B24-8F14-7EF05C5AA19D}.Release|ARM.ActiveCfg = Release|ARM
		{A85E6071-A61B-4B24-8F14-7EF05C5AA19D}.Release|ARM.Build.0 = Release|ARM
		{A85E6071-A61B-4B24-8F14-7EF05C5AA19D}.Release|ARM64.ActiveCfg = Release|ARM64
		{A85E6071-A61B-4B24-8F14-7EF05C5AA19D}.Release|ARM64.Build.0 = Release|ARM64
		{A85E6071-A61B-4B24-8F14-7EF05C5AA19D}.Release|x64.ActiveCfg = Release|x64
		{A85E6071-A61B-4B24-8F14-7EF05C5AA19D}.Release|x64.Build.0 = Release|x64
		{A85E6071-A61B-4B24-8F14-7EF05C5AA19D}.Release|x86.ActiveCfg = Release|x86
		{A85E6071-A61B-4B24-8F14-7EF05C5AA19D}.Release|x86.Build.0 = Release|x86
		{433BCC86-BA8D-4B67-8ECA-0C38C70A64D9}.Debug|Any CPU.ActiveCfg = Debug|Win32
		{433BCC86-BA8D-4B67-8ECA-0C38C70A64D9}.Debug|Any CPU.Build.0 = Debug|Win32
		{433BCC86-BA8D-4B67-8ECA-0C38C70A64D9}.Debug|ARM.ActiveCfg = Debug|ARM
		{433BCC86-BA8D-4B67-8ECA-0C38C70A64D9}.Debug|ARM.Build.0 = Debug|ARM
		{433BCC86-BA8D-4B67-8ECA-0C38C70A64D9}.Debug|ARM64.ActiveCfg = Debug|ARM64
		{433BCC86-BA8D-4B67-8ECA-0C38C70A64D9}.Debug|ARM64.Build.0 = Debug|ARM64
		{433BCC86-BA8D-4B67-8ECA-0C38C70A64D9}.Debug|x64.ActiveCfg = Debug|x64
		{433BCC86-BA8D-4B67-8ECA-0C38C70A64D9}.Debug|x64.Build.0 = Debug|x64
		{433BCC86-BA8D-4B67-8ECA-0C38C70A64D9}.Debug|x86.ActiveCfg = Debug|Win32
		{433BCC86-BA8D-4B67-8ECA-0C38C70A64D9}.Release|Any CPU.ActiveCfg = Release|Win32
		{433BCC86-BA8D-4B67-8ECA-0C38C70A64D9}.Release|ARM.ActiveCfg = Release|ARM
		{433BCC86-BA8D-4B67-8ECA-0C38C70A64D9}.Release|ARM.Build.0 = Release|ARM
		{433BCC86-BA8D-4B67-8ECA-0C38C70A64D9}.Release|ARM64.ActiveCfg = Release|ARM64
		{433BCC86-BA8D-4B67-8ECA-0C38C70A64D9}.Release|ARM64.Build.0 = Release|ARM64
		{433BCC86-BA8D-4B67-8ECA-0C38C70A64D9}.Release|x64.ActiveCfg = Release|x64
		{433BCC86-BA8D-4B67-8ECA-0C38C70A64D9}.Release|x64.Build.0 = Release|x64
		{433BCC86-BA8D-4B67-8ECA-0C38C70A64D9}.Release|x86.ActiveCfg = Release|Win32
		{433BCC86-BA8D-4B67-8ECA-0C38C70A64D9}.Release|x86.Build.0 = Release|Win32
		{EAA262C7-55C2-4099-A8E8-C67D96E8BCE3}.Debug|Any CPU.ActiveCfg = Debug|Win32
		{EAA262C7-55C2-4099-A8E8-C67D96E8BCE3}.Debug|ARM.ActiveCfg = Debug|ARM
		{EAA262C7-55C2-4099-A8E8-C67D96E8BCE3}.Debug|ARM.Build.0 = Debug|ARM
		{EAA262C7-55C2-4099-A8E8-C67D96E8BCE3}.Debug|ARM64.ActiveCfg = Debug|ARM64
		{EAA262C7-55C2-4099-A8E8-C67D96E8BCE3}.Debug|ARM64.Build.0 = Debug|ARM64
		{EAA262C7-55C2-4099-A8E8-C67D96E8BCE3}.Debug|x64.ActiveCfg = Debug|x64
		{EAA262C7-55C2-4099-A8E8-C67D96E8BCE3}.Debug|x64.Build.0 = Debug|x64
		{EAA262C7-55C2-4099-A8E8-C67D96E8BCE3}.Debug|x86.ActiveCfg = Debug|Win32
		{EAA262C7-55C2-4099-A8E8-C67D96E8BCE3}.Release|Any CPU.ActiveCfg = Release|Win32
		{EAA262C7-55C2-4099-A8E8-C67D96E8BCE3}.Release|ARM.ActiveCfg = Release|ARM
		{EAA262C7-55C2-4099-A8E8-C67D96E8BCE3}.Release|ARM.Build.0 = Release|ARM
		{EAA262C7-55C2-4099-A8E8-C67D96E8BCE3}.Release|ARM64.ActiveCfg = Release|ARM64
		{EAA262C7-55C2-4099-A8E8-C67D96E8BCE3}.Release|ARM64.Build.0 = Release|ARM64
		{EAA262C7-55C2-4099-A8E8-C67D96E8BCE3}.Release|x64.ActiveCfg = Release|x64
		{EAA262C7-55C2-4099-A8E8-C67D96E8BCE3}.Release|x64.Build.0 = Release|x64
		{EAA262C7-55C2-4099-A8E8-C67D96E8BCE3}.Release|x86.ActiveCfg = Release|Win32
		{EAA262C7-55C2-4099-A8E8-C67D96E8BCE3}.Release|x86.Build.0 = Release|Win32
	EndGlobalSection
	GlobalSection(SolutionProperties) = preSolution
		HideSolutionNode = FALSE
	EndGlobalSection
	GlobalSection(NestedProjects) = preSolution
		{4F6AFA4F-C059-4BC7-8ED7-BA0E1D68A41F} = {E82DC5E4-2117-4DE1-80D8-1FFF5EBDC6DE}
		{EAA262C7-55C2-4099-A8E8-C67D96E8BCE3} = {E82DC5E4-2117-4DE1-80D8-1FFF5EBDC6DE}
	EndGlobalSection
	GlobalSection(ExtensibilityGlobals) = postSolution
		SolutionGuid = {C8539CF1-FE34-4868-9CDB-8F9CA473CAB7}
	EndGlobalSection
EndGlobal
